{
  "originHash" : "020505c006d486dff059f67c018e386044fbe707c176869ff5911a2f67ec5bc7",
  "pins" : [
    {
      "identity" : "cobyds",
      "kind" : "remoteSourceControl",
      "location" : "https://github.com/CobyLibrary/CobyDS.git",
      "state" : {
        "revision" : "52fc41848b3ff0aa91cac568978121d5755dd8af",
        "version" : "1.7.2"
      }
    }
  ],
  "version" : 3
}
